
Microsoft Visual Studio Solution File, Format Version 12.00
# Visual Studio 15
VisualStudioVersion = 15.0.27130.2010
MinimumVisualStudioVersion = 10.0.40219.1
Project("{FAE04EC0-301F-11D3-BF4B-00C04F79EFBC}") = "Project 3 New", "Project 3 New\Project 3 New.csproj", "{EA3E3D40-76F9-498D-810D-DFC99E24F50C}"
EndProject
Global
	GlobalSection(SolutionConfigurationPlatforms) = preSolution
		Debug|Any CPU = Debug|Any CPU
		Release|Any CPU = Release|Any CPU
	EndGlobalSection
	GlobalSection(ProjectConfigurationPlatforms) = postSolution
		{EA3E3D40-76F9-498D-810D-DFC99E24F50C}.Debug|Any CPU.ActiveCfg = Debug|Any CPU
		{EA3E3D40-76F9-498D-810D-DFC99E24F50C}.Debug|Any CPU.Build.0 = Debug|Any CPU
		{EA3E3D40-76F9-498D-810D-DFC99E24F50C}.Release|Any CPU.ActiveCfg = Release|Any CPU
		{EA3E3D40-76F9-498D-810D-DFC99E24F50C}.Release|Any CPU.Build.0 = Release|Any CPU
	EndGlobalSection
	GlobalSection(SolutionProperties) = preSolution
		HideSolutionNode = FALSE
	EndGlobalSection
	GlobalSection(ExtensibilityGlobals) = postSolution
		SolutionGuid = {52CF862B-BBDB-404B-8FE8-B2D9C45284B6}
	EndGlobalSection
EndGlobal
